{
  "version": 4,
  "terraform_version": "1.12.2",
  "serial": 8,
  "lineage": "f35fa76e-4566-7cf7-854f-2bad85311b76",
  "outputs": {},
  "resources": [
    {
      "mode": "managed",
      "type": "azurerm_container_app_environment",
      "name": "env",
      "provider": "provider[\"registry.terraform.io/hashicorp/azurerm\"]",
      "instances": [
        {
          "schema_version": 0,
          "attributes": {
            "dapr_application_insights_connection_string": "",
            "default_domain": "kindground-bbdfea30.eastus.azurecontainerapps.io",
            "docker_bridge_cidr": "",
            "id": "/subscriptions/31889192-9288-4a6e-8457-4ca99776da74/resourceGroups/stockanalytics-rg/providers/Microsoft.App/managedEnvironments/stockanalytics-env",
            "infrastructure_subnet_id": "",
            "internal_load_balancer_enabled": false,
            "location": "eastus",
            "log_analytics_workspace_id": "/subscriptions/31889192-9288-4a6e-8457-4ca99776da74/resourceGroups/stockanalytics-rg/providers/Microsoft.OperationalInsights/workspaces/stockanalytics-logs",
            "name": "stockanalytics-env",
            "platform_reserved_cidr": "",
            "platform_reserved_dns_ip_address": "",
            "resource_group_name": "stockanalytics-rg",
            "static_ip_address": "40.121.184.104",
            "tags": {
              "environment": "dev",
              "project": "stock-advisor"
            },
            "timeouts": null,
            "zone_redundancy_enabled": false
          },
          "sensitive_attributes": [
            [
              {
                "type": "get_attr",
                "value": "dapr_application_insights_connection_string"
              }
            ]
          ],
          "identity_schema_version": 0,
          "private": "eyJlMmJmYjczMC1lY2FhLTExZTYtOGY4OC0zNDM2M2JjN2M0YzAiOnsiY3JlYXRlIjoxODAwMDAwMDAwMDAwLCJkZWxldGUiOjE4MDAwMDAwMDAwMDAsInJlYWQiOjMwMDAwMDAwMDAwMCwidXBkYXRlIjoxODAwMDAwMDAwMDAwfX0=",
          "dependencies": [
            "azurerm_log_analytics_workspace.logs",
            "azurerm_resource_group.rg"
          ]
        }
      ]
    },
    {
      "mode": "managed",
      "type": "azurerm_log_analytics_workspace",
      "name": "logs",
      "provider": "provider[\"registry.terraform.io/hashicorp/azurerm\"]",
      "instances": [
        {
          "schema_version": 3,
          "attributes": {
            "allow_resource_only_permissions": true,
            "cmk_for_query_forced": false,
            "daily_quota_gb": -1,
            "data_collection_rule_id": "",
            "id": "/subscriptions/31889192-9288-4a6e-8457-4ca99776da74/resourceGroups/stockanalytics-rg/providers/Microsoft.OperationalInsights/workspaces/stockanalytics-logs",
            "internet_ingestion_enabled": true,
            "internet_query_enabled": true,
            "local_authentication_disabled": false,
            "location": "eastus",
            "name": "stockanalytics-logs",
            "primary_shared_key": "kJBdLlfCe4senrB2hsKgtZivOfUhXiZDbqivLAxGFs7bDtGR4A5MFIog45Pgqoo9HLE50h+yQASuIlx1rzFiGQ==",
            "reservation_capacity_in_gb_per_day": null,
            "resource_group_name": "stockanalytics-rg",
            "retention_in_days": 30,
            "secondary_shared_key": "XFOZhX1CQx9pep1vjRv86MdF/FPyc8aBc14kVgbz1quD2aRSvRxMEXjoCLP8etO7RiN6F4oPYuC/zR49jnenyQ==",
            "sku": "PerGB2018",
            "tags": {
              "environment": "dev",
              "project": "stock-advisor"
            },
            "timeouts": null,
            "workspace_id": "b1cf6224-21c7-4da7-be43-064386380546"
          },
          "sensitive_attributes": [
            [
              {
                "type": "get_attr",
                "value": "primary_shared_key"
              }
            ],
            [
              {
                "type": "get_attr",
                "value": "secondary_shared_key"
              }
            ]
          ],
          "identity_schema_version": 0,
          "private": "eyJlMmJmYjczMC1lY2FhLTExZTYtOGY4OC0zNDM2M2JjN2M0YzAiOnsiY3JlYXRlIjoxODAwMDAwMDAwMDAwLCJkZWxldGUiOjE4MDAwMDAwMDAwMDAsInJlYWQiOjMwMDAwMDAwMDAwMCwidXBkYXRlIjoxODAwMDAwMDAwMDAwfSwic2NoZW1hX3ZlcnNpb24iOiIzIn0=",
          "dependencies": [
            "azurerm_resource_group.rg"
          ]
        }
      ]
    },
    {
      "mode": "managed",
      "type": "azurerm_resource_group",
      "name": "rg",
      "provider": "provider[\"registry.terraform.io/hashicorp/azurerm\"]",
      "instances": [
        {
          "schema_version": 0,
          "attributes": {
            "id": "/subscriptions/31889192-9288-4a6e-8457-4ca99776da74/resourceGroups/stockanalytics-rg",
            "location": "eastus",
            "managed_by": "",
            "name": "stockanalytics-rg",
            "tags": {
              "environment": "dev",
              "project": "stock-advisor"
            },
            "timeouts": null
          },
          "sensitive_attributes": [],
          "identity_schema_version": 0,
          "private": "eyJlMmJmYjczMC1lY2FhLTExZTYtOGY4OC0zNDM2M2JjN2M0YzAiOnsiY3JlYXRlIjo1NDAwMDAwMDAwMDAwLCJkZWxldGUiOjU0MDAwMDAwMDAwMDAsInJlYWQiOjMwMDAwMDAwMDAwMCwidXBkYXRlIjo1NDAwMDAwMDAwMDAwfX0="
        }
      ]
    }
  ],
  "check_results": null
}
